<Solution>
  <Project Path="CodingGame.Runtime.csproj" />
  <Project Path="CodingGame.PlayModeTests.csproj" />
  <Project Path="CodingGame.Presentation.csproj" />
  <Project Path="Assembly-CSharp-Editor.csproj" />
  <Project Path="CondingGame.EditModeTests.csproj" />
  <Project Path="Assembly-CSharp.csproj" />
</Solution>
